
Microsoft Visual Studio Solution File, Format Version 12.00
# Visual Studio 15
VisualStudioVersion = 15.0.28307.1000
MinimumVisualStudioVersion = 10.0.40219.1
Project("{FAE04EC0-301F-11D3-BF4B-00C04F79EFBC}") = "Model", "Model\Model.csproj", "{81A86550-AF87-4A8C-9000-810965D3949F}"
EndProject
Project("{FAE04EC0-301F-11D3-BF4B-00C04F79EFBC}") = "DataAccessLayer", "DataAccessLayer\DataAccessLayer.csproj", "{32A08A29-456B-4138-8578-F64E0911437D}"
EndProject
Project("{FAE04EC0-301F-11D3-BF4B-00C04F79EFBC}") = "TeamAPI", "TeamAPI\TeamAPI.csproj", "{E3D0129C-AFFD-4E91-852C-88E9691E649B}"
EndProject
Project("{FAE04EC0-301F-11D3-BF4B-00C04F79EFBC}") = "CreateTeamGui", "CreateTeamGui\CreateTeamGui.csproj", "{E7619598-C19B-4770-A672-CDB9FD94FFB2}"
EndProject
Global
	GlobalSection(SolutionConfigurationPlatforms) = preSolution
		Debug|Any CPU = Debug|Any CPU
		Release|Any CPU = Release|Any CPU
	EndGlobalSection
	GlobalSection(ProjectConfigurationPlatforms) = postSolution
		{81A86550-AF87-4A8C-9000-810965D3949F}.Debug|Any CPU.ActiveCfg = Debug|Any CPU
		{81A86550-AF87-4A8C-9000-810965D3949F}.Debug|Any CPU.Build.0 = Debug|Any CPU
		{81A86550-AF87-4A8C-9000-810965D3949F}.Release|Any CPU.ActiveCfg = Release|Any CPU
		{81A86550-AF87-4A8C-9000-810965D3949F}.Release|Any CPU.Build.0 = Release|Any CPU
		{32A08A29-456B-4138-8578-F64E0911437D}.Debug|Any CPU.ActiveCfg = Debug|Any CPU
		{32A08A29-456B-4138-8578-F64E0911437D}.Debug|Any CPU.Build.0 = Debug|Any CPU
		{32A08A29-456B-4138-8578-F64E0911437D}.Release|Any CPU.ActiveCfg = Release|Any CPU
		{32A08A29-456B-4138-8578-F64E0911437D}.Release|Any CPU.Build.0 = Release|Any CPU
		{E3D0129C-AFFD-4E91-852C-88E9691E649B}.Debug|Any CPU.ActiveCfg = Debug|Any CPU
		{E3D0129C-AFFD-4E91-852C-88E9691E649B}.Debug|Any CPU.Build.0 = Debug|Any CPU
		{E3D0129C-AFFD-4E91-852C-88E9691E649B}.Release|Any CPU.ActiveCfg = Release|Any CPU
		{E3D0129C-AFFD-4E91-852C-88E9691E649B}.Release|Any CPU.Build.0 = Release|Any CPU
		{E7619598-C19B-4770-A672-CDB9FD94FFB2}.Debug|Any CPU.ActiveCfg = Debug|Any CPU
		{E7619598-C19B-4770-A672-CDB9FD94FFB2}.Debug|Any CPU.Build.0 = Debug|Any CPU
		{E7619598-C19B-4770-A672-CDB9FD94FFB2}.Release|Any CPU.ActiveCfg = Release|Any CPU
		{E7619598-C19B-4770-A672-CDB9FD94FFB2}.Release|Any CPU.Build.0 = Release|Any CPU
	EndGlobalSection
	GlobalSection(SolutionProperties) = preSolution
		HideSolutionNode = FALSE
	EndGlobalSection
	GlobalSection(ExtensibilityGlobals) = postSolution
		SolutionGuid = {2F3D19BB-D864-4D69-9295-DE66AC5B63F4}
	EndGlobalSection
EndGlobal
